
Microsoft Visual Studio Solution File, Format Version 12.00
# Visual Studio Version 17
VisualStudioVersion = 17.13.35825.156 d17.13
MinimumVisualStudioVersion = 10.0.40219.1
Project("{FAE04EC0-301F-11D3-BF4B-00C04F79EFBC}") = "WebApplication4", "WebApplication4\WebApplication4.csproj", "{75FEA308-54BE-47C4-84DC-F672E02E865D}"
EndProject
Global
	GlobalSection(SolutionConfigurationPlatforms) = preSolution
		Debug|Any CPU = Debug|Any CPU
		Release|Any CPU = Release|Any CPU
	EndGlobalSection
	GlobalSection(ProjectConfigurationPlatforms) = postSolution
		{75FEA308-54BE-47C4-84DC-F672E02E865D}.Debug|Any CPU.ActiveCfg = Debug|Any CPU
		{75FEA308-54BE-47C4-84DC-F672E02E865D}.Debug|Any CPU.Build.0 = Debug|Any CPU
		{75FEA308-54BE-47C4-84DC-F672E02E865D}.Release|Any CPU.ActiveCfg = Release|Any CPU
		{75FEA308-54BE-47C4-84DC-F672E02E865D}.Release|Any CPU.Build.0 = Release|Any CPU
	EndGlobalSection
	GlobalSection(SolutionProperties) = preSolution
		HideSolutionNode = FALSE
	EndGlobalSection
	GlobalSection(ExtensibilityGlobals) = postSolution
		SolutionGuid = {4B63050B-5BC7-4A0F-B35A-1D9757DC73BC}
	EndGlobalSection
EndGlobal
